{
  "version": 4,
  "terraform_version": "1.9.7",
  "serial": 57,
  "lineage": "04ae4ec1-a48e-32b2-d5a2-b7d4ed4794ec",
  "outputs": {},
  "resources": [
    {
      "mode": "managed",
      "type": "github_team",
      "name": "employee",
      "provider": "provider[\"registry.terraform.io/integrations/github\"]",
      "instances": [
        {
          "schema_version": 0,
          "attributes": {
            "create_default_maintainer": false,
            "description": "A test team",
            "etag": "W/\"c0da7b9c4199f7a370c0263d329b2e1e138b1dc83b5bee40d732c8ae1864b97b\"",
            "id": "11265495",
            "ldap_dn": "",
            "members_count": 0,
            "name": "test-team",
            "node_id": "T_kwDOA3FUWc4Aq-XX",
            "parent_team_id": "",
            "parent_team_read_id": "",
            "parent_team_read_slug": "",
            "privacy": "closed",
            "slug": "test-team"
          },
          "sensitive_attributes": [],
          "private": "bnVsbA=="
        }
      ]
    },
    {
      "mode": "managed",
      "type": "github_team_membership",
      "name": "employee_team_membership",
      "provider": "provider[\"registry.terraform.io/integrations/github\"]",
      "instances": [
        {
          "index_key": "k-onoda@infiniteloop.co.jp",
          "schema_version": 0,
          "attributes": {
            "etag": "W/\"7518ad4787995ef17580c6ec992bf0625dad179195f6cde64af288ce57c35592\"",
            "id": "11265495:il-k-onoda",
            "role": "maintainer",
            "team_id": "11265495",
            "username": "il-k-onoda"
          },
          "sensitive_attributes": [],
          "private": "bnVsbA==",
          "dependencies": [
            "github_team.employee"
          ]
        }
      ]
    }
  ],
  "check_results": null
}
